
Microsoft Visual Studio Solution File, Format Version 12.00
# Visual Studio Version 16
VisualStudioVersion = 16.0.809.3
MinimumVisualStudioVersion = 10.0.40219.1
Project("{FAE04EC0-301F-11D3-BF4B-00C04F79EFBC}") = "COMBinator", "COMBinator.csproj", "{9E42FAB0-1485-41C0-9D4B-C17627C41797}"
EndProject
Global
	GlobalSection(SolutionConfigurationPlatforms) = preSolution
		Debug|anycpu = Debug|anycpu
		Release|anycpu = Release|anycpu
	EndGlobalSection
	GlobalSection(ProjectConfigurationPlatforms) = postSolution
		{9E42FAB0-1485-41C0-9D4B-C17627C41797}.Debug|anycpu.ActiveCfg = Debug|anycpu
		{9E42FAB0-1485-41C0-9D4B-C17627C41797}.Debug|anycpu.Build.0 = Debug|anycpu
		{9E42FAB0-1485-41C0-9D4B-C17627C41797}.Release|anycpu.ActiveCfg = Release|Any CPU
		{9E42FAB0-1485-41C0-9D4B-C17627C41797}.Release|anycpu.Build.0 = Release|Any CPU
	EndGlobalSection
	GlobalSection(SolutionProperties) = preSolution
		HideSolutionNode = FALSE
	EndGlobalSection
	GlobalSection(ExtensibilityGlobals) = postSolution
		SolutionGuid = {336C95CD-2AE6-427F-BA2D-46F0F83460D7}
	EndGlobalSection
EndGlobal
